schema: '2.0'
stages:
  clean:
    cmd: python src/clean.py
    deps:
    - path: data/raw/events.csv
      hash: md5
      md5: 431ff8b1e99f6c5ac0a423d9e37ac2a9
      size: 73240
    - path: src/clean.py
      hash: md5
      md5: 830b9087cc2ab7452ede975f6b230167
      size: 1218
    outs:
    - path: data/clean/events.csv
      hash: md5
      md5: 1cb386ce042cbca731c87352a84e15bd
      size: 59415
  transform:
    cmd: python src/transform.py
    deps:
    - path: data/clean/events.csv
      hash: md5
      md5: 1cb386ce042cbca731c87352a84e15bd
      size: 59415
    - path: src/transform.py
      hash: md5
      md5: 9049a7ccb89f2a4732f707d878dbfa57
      size: 454
    outs:
    - path: data/transformed/events.csv
      hash: md5
      md5: c88a8a6a6bf3f81bc94a92ac9c3e161e
      size: 77152
  features:
    cmd: python src/features.py
    deps:
    - path: data/transformed/events.csv
      hash: md5
      md5: c88a8a6a6bf3f81bc94a92ac9c3e161e
      size: 77152
    - path: src/features.py
      hash: md5
      md5: 405a3feb6d115b66398aa13fee6e9c4e
      size: 502
    outs:
    - path: data/features/events.csv
      hash: md5
      md5: 9b7086903a82b48ed68a2e0b168f56a3
      size: 113174
